
Microsoft Visual Studio Solution File, Format Version 12.00
# Visual Studio 15
VisualStudioVersion = 15.0.28307.1145
MinimumVisualStudioVersion = 10.0.40219.1
Project("{FAE04EC0-301F-11D3-BF4B-00C04F79EFBC}") = "AsyncAndAwait", "AsyncAndAwait\AsyncAndAwait.csproj", "{FD23C531-15AF-4DB4-B29E-BC01339A1639}"
EndProject
Global
	GlobalSection(SolutionConfigurationPlatforms) = preSolution
		Debug|Any CPU = Debug|Any CPU
		Release|Any CPU = Release|Any CPU
	EndGlobalSection
	GlobalSection(ProjectConfigurationPlatforms) = postSolution
		{FD23C531-15AF-4DB4-B29E-BC01339A1639}.Debug|Any CPU.ActiveCfg = Debug|Any CPU
		{FD23C531-15AF-4DB4-B29E-BC01339A1639}.Debug|Any CPU.Build.0 = Debug|Any CPU
		{FD23C531-15AF-4DB4-B29E-BC01339A1639}.Release|Any CPU.ActiveCfg = Release|Any CPU
		{FD23C531-15AF-4DB4-B29E-BC01339A1639}.Release|Any CPU.Build.0 = Release|Any CPU
	EndGlobalSection
	GlobalSection(SolutionProperties) = preSolution
		HideSolutionNode = FALSE
	EndGlobalSection
	GlobalSection(ExtensibilityGlobals) = postSolution
		SolutionGuid = {CC1EB2AC-7CCF-4FF0-9D62-FB36312E76DC}
	EndGlobalSection
EndGlobal
